
Microsoft Visual Studio Solution File, Format Version 12.00
# Visual Studio Version 16
VisualStudioVersion = 16.0.29025.244
MinimumVisualStudioVersion = 10.0.40219.1
Project("{9A19103F-16F7-4668-BE54-9A1E7A4F7556}") = "Clone Detector Core", "Clone Detector Core\Clone Detector Core.csproj", "{42854442-AFC5-4968-93A7-9421E7523C12}"
EndProject
Project("{FAE04EC0-301F-11D3-BF4B-00C04F79EFBC}") = "Clone Detector", "Clone Detector\Clone Detector.csproj", "{64860736-465B-47CA-931A-55E880D9DA1F}"
EndProject
Global
	GlobalSection(SolutionConfigurationPlatforms) = preSolution
		Debug|Any CPU = Debug|Any CPU
		Debug|ARM = Debug|ARM
		Debug|ARM64 = Debug|ARM64
		Debug|x64 = Debug|x64
		Debug|x86 = Debug|x86
		Release|Any CPU = Release|Any CPU
		Release|ARM = Release|ARM
		Release|ARM64 = Release|ARM64
		Release|x64 = Release|x64
		Release|x86 = Release|x86
	EndGlobalSection
	GlobalSection(ProjectConfigurationPlatforms) = postSolution
		{42854442-AFC5-4968-93A7-9421E7523C12}.Debug|Any CPU.ActiveCfg = Debug|Any CPU
		{42854442-AFC5-4968-93A7-9421E7523C12}.Debug|Any CPU.Build.0 = Debug|Any CPU
		{42854442-AFC5-4968-93A7-9421E7523C12}.Debug|ARM.ActiveCfg = Debug|Any CPU
		{42854442-AFC5-4968-93A7-9421E7523C12}.Debug|ARM.Build.0 = Debug|Any CPU
		{42854442-AFC5-4968-93A7-9421E7523C12}.Debug|ARM64.ActiveCfg = Debug|Any CPU
		{42854442-AFC5-4968-93A7-9421E7523C12}.Debug|ARM64.Build.0 = Debug|Any CPU
		{42854442-AFC5-4968-93A7-9421E7523C12}.Debug|x64.ActiveCfg = Debug|Any CPU
		{42854442-AFC5-4968-93A7-9421E7523C12}.Debug|x64.Build.0 = Debug|Any CPU
		{42854442-AFC5-4968-93A7-9421E7523C12}.Debug|x86.ActiveCfg = Debug|Any CPU
		{42854442-AFC5-4968-93A7-9421E7523C12}.Debug|x86.Build.0 = Debug|Any CPU
		{42854442-AFC5-4968-93A7-9421E7523C12}.Release|Any CPU.ActiveCfg = Release|Any CPU
		{42854442-AFC5-4968-93A7-9421E7523C12}.Release|Any CPU.Build.0 = Release|Any CPU
		{42854442-AFC5-4968-93A7-9421E7523C12}.Release|ARM.ActiveCfg = Release|Any CPU
		{42854442-AFC5-4968-93A7-9421E7523C12}.Release|ARM.Build.0 = Release|Any CPU
		{42854442-AFC5-4968-93A7-9421E7523C12}.Release|ARM64.ActiveCfg = Release|Any CPU
		{42854442-AFC5-4968-93A7-9421E7523C12}.Release|ARM64.Build.0 = Release|Any CPU
		{42854442-AFC5-4968-93A7-9421E7523C12}.Release|x64.ActiveCfg = Release|Any CPU
		{42854442-AFC5-4968-93A7-9421E7523C12}.Release|x64.Build.0 = Release|Any CPU
		{42854442-AFC5-4968-93A7-9421E7523C12}.Release|x86.ActiveCfg = Release|Any CPU
		{42854442-AFC5-4968-93A7-9421E7523C12}.Release|x86.Build.0 = Release|Any CPU
		{64860736-465B-47CA-931A-55E880D9DA1F}.Debug|Any CPU.ActiveCfg = Debug|Any CPU
		{64860736-465B-47CA-931A-55E880D9DA1F}.Debug|Any CPU.Build.0 = Debug|Any CPU
		{64860736-465B-47CA-931A-55E880D9DA1F}.Debug|ARM.ActiveCfg = Debug|Any CPU
		{64860736-465B-47CA-931A-55E880D9DA1F}.Debug|ARM.Build.0 = Debug|Any CPU
		{64860736-465B-47CA-931A-55E880D9DA1F}.Debug|ARM64.ActiveCfg = Debug|Any CPU
		{64860736-465B-47CA-931A-55E880D9DA1F}.Debug|ARM64.Build.0 = Debug|Any CPU
		{64860736-465B-47CA-931A-55E880D9DA1F}.Debug|x64.ActiveCfg = Debug|Any CPU
		{64860736-465B-47CA-931A-55E880D9DA1F}.Debug|x64.Build.0 = Debug|Any CPU
		{64860736-465B-47CA-931A-55E880D9DA1F}.Debug|x86.ActiveCfg = Debug|Any CPU
		{64860736-465B-47CA-931A-55E880D9DA1F}.Debug|x86.Build.0 = Debug|Any CPU
		{64860736-465B-47CA-931A-55E880D9DA1F}.Release|Any CPU.ActiveCfg = Release|Any CPU
		{64860736-465B-47CA-931A-55E880D9DA1F}.Release|Any CPU.Build.0 = Release|Any CPU
		{64860736-465B-47CA-931A-55E880D9DA1F}.Release|ARM.ActiveCfg = Release|Any CPU
		{64860736-465B-47CA-931A-55E880D9DA1F}.Release|ARM.Build.0 = Release|Any CPU
		{64860736-465B-47CA-931A-55E880D9DA1F}.Release|ARM64.ActiveCfg = Release|Any CPU
		{64860736-465B-47CA-931A-55E880D9DA1F}.Release|ARM64.Build.0 = Release|Any CPU
		{64860736-465B-47CA-931A-55E880D9DA1F}.Release|x64.ActiveCfg = Release|Any CPU
		{64860736-465B-47CA-931A-55E880D9DA1F}.Release|x64.Build.0 = Release|Any CPU
		{64860736-465B-47CA-931A-55E880D9DA1F}.Release|x86.ActiveCfg = Release|Any CPU
		{64860736-465B-47CA-931A-55E880D9DA1F}.Release|x86.Build.0 = Release|Any CPU
	EndGlobalSection
	GlobalSection(SolutionProperties) = preSolution
		HideSolutionNode = FALSE
	EndGlobalSection
	GlobalSection(ExtensibilityGlobals) = postSolution
		SolutionGuid = {5E087F35-D0C8-4692-A38C-DB943789BE26}
	EndGlobalSection
EndGlobal
